# THIS IS AN AUTOGENERATED FILE. DO NOT EDIT THIS FILE DIRECTLY.
# yarn lockfile v1


"@ant-design/colors@^4.0.5":
  "integrity" "sha1-19EA11Rcyo9iSVRgSmiS/Ei6Wq4="
  "resolved" "https://npm.weizhipin.com/@ant-design/colors/-/colors-4.0.5.tgz"
  "version" "4.0.5"
  dependencies:
    "tinycolor2" "^1.4.1"

"@antv/algorithm@^0.1.8":
  "integrity" "sha512-TGwPyFoAu4+iEJd0y1l0gHdBXCbUj8a4gR7P3GzZRfEfRnWfk+gswApzOSTd7c6HP402JOEF64PAJQKxQgSPSQ=="
  "resolved" "https://npm.weizhipin.com/@antv/algorithm/-/algorithm-0.1.25.tgz"
  "version" "0.1.25"
  dependencies:
    "@antv/util" "^2.0.13"
    "tslib" "^2.0.0"

"@antv/dom-util@^2.0.1", "@antv/dom-util@^2.0.2":
  "integrity" "sha512-2shXUl504fKwt82T3GkuT4Uoc6p9qjCKnJ8gXGLSW4T1W37dqf9AV28aCfoVPHp2BUXpSsB+PAJX2rG/jLHsLQ=="
  "resolved" "https://npm.weizhipin.com/@antv/dom-util/-/dom-util-2.0.4.tgz"
  "version" "2.0.4"
  dependencies:
    "tslib" "^2.0.3"

"@antv/event-emitter@^0.1.1", "@antv/event-emitter@~0.1.0":
  "integrity" "sha512-4ddpsiHN9Pd4UIlWuKVK1C4IiZIdbwQvy9i7DUSI3xNJ89FPUFt8lxDYj8GzzfdllV0NkJTRxnG+FvLk0llidg=="
  "resolved" "https://npm.weizhipin.com/@antv/event-emitter/-/event-emitter-0.1.3.tgz"
  "version" "0.1.3"

"@antv/g-base@^0.5.1", "@antv/g-base@^0.5.12":
  "integrity" "sha512-QOtq50QpnKez9J75/Z8j2yZ7QDQdk8R8mVQJiHtaEO5eI7DM4ZbrsWff/Ew26JYmPWdq7nbRuARMAD4PX9uuLA=="
  "resolved" "https://npm.weizhipin.com/@antv/g-base/-/g-base-0.5.15.tgz"
  "version" "0.5.15"
  dependencies:
    "@antv/event-emitter" "^0.1.1"
    "@antv/g-math" "^0.1.9"
    "@antv/matrix-util" "^3.1.0-beta.1"
    "@antv/path-util" "~2.0.5"
    "@antv/util" "~2.0.13"
    "@types/d3-timer" "^2.0.0"
    "d3-ease" "^1.0.5"
    "d3-interpolate" "^3.0.1"
    "d3-timer" "^1.0.9"
    "detect-browser" "^5.1.0"
    "tslib" "^2.0.3"

"@antv/g-canvas@^0.5.2":
  "integrity" "sha512-IUGLEMIMAUYgaBMT8h3FTmYQYz7sjQkKWwh6Psqx+UPK86fySa+G8fMRrh1EqAL07jVB+GRnn6Ym+3FoFUgeFg=="
  "resolved" "https://npm.weizhipin.com/@antv/g-canvas/-/g-canvas-0.5.14.tgz"
  "version" "0.5.14"
  dependencies:
    "@antv/g-base" "^0.5.12"
    "@antv/g-math" "^0.1.9"
    "@antv/matrix-util" "^3.1.0-beta.1"
    "@antv/path-util" "~2.0.5"
    "@antv/util" "~2.0.0"
    "gl-matrix" "^3.0.0"
    "tslib" "^2.0.3"

"@antv/g-math@^0.1.1", "@antv/g-math@^0.1.9":
  "integrity" "sha512-KHMSfPfZ5XHM1PZnG42Q2gxXfOitYveNTA7L61lR6mhZ8Y/aExsYmHqaKBsSarU0z+6WLrl9C07PQJZaw0uljQ=="
  "resolved" "https://npm.weizhipin.com/@antv/g-math/-/g-math-0.1.9.tgz"
  "version" "0.1.9"
  dependencies:
    "@antv/util" "~2.0.0"
    "gl-matrix" "^3.0.0"

"@antv/g-svg@^0.5.1", "@antv/g-svg@^0.5.2":
  "integrity" "sha512-jUbWoPgr4YNsOat2Y/rGAouNQYGpw4R0cvlN0YafwOyacFFYy2zC8RslNd6KkPhhR3XHNSqJOuCYZj/YmLUwYw=="
  "resolved" "https://npm.weizhipin.com/@antv/g-svg/-/g-svg-0.5.7.tgz"
  "version" "0.5.7"
  dependencies:
    "@antv/g-base" "^0.5.12"
    "@antv/g-math" "^0.1.9"
    "@antv/util" "~2.0.0"
    "detect-browser" "^5.0.0"
    "tslib" "^2.0.3"

"@antv/g-webgpu-core@^0.7.2":
  "integrity" "sha512-xUMmop7f3Rs34zFYKXLqHhDR1CQTeDl/7vI7Sn3X/73BqJc3X3HIIRvm83Fg2CjVACaOzw4WeLRXNaOCp9fz9w=="
  "resolved" "https://npm.weizhipin.com/@antv/g-webgpu-core/-/g-webgpu-core-0.7.2.tgz"
  "version" "0.7.2"
  dependencies:
    "eventemitter3" "^4.0.0"
    "gl-matrix" "^3.1.0"
    "lodash" "^4.17.15"
    "probe.gl" "^3.1.1"

"@antv/g-webgpu-engine@^0.7.2":
  "integrity" "sha512-lx8Y93IW2cnJvdoDRKyMmTdYqSC1pOmF0nyG3PGGyA0NI9vBYVgO0KTF6hkyWjdTWVq7XDZyf/h8CJridLh3lg=="
  "resolved" "https://npm.weizhipin.com/@antv/g-webgpu-engine/-/g-webgpu-engine-0.7.2.tgz"
  "version" "0.7.2"
  dependencies:
    "@antv/g-webgpu-core" "^0.7.2"
    "gl-matrix" "^3.1.0"
    "lodash" "^4.17.15"
    "regl" "^1.3.11"

"@antv/g-webgpu@0.7.2":
  "integrity" "sha512-kw+oYGsdvj5qeUfy5DPb/jztZBV+2fmqBd3Vv8NlKatfBmv8AirYX/CCW74AUSdWm99rEiLyxFB1VdRZ6b/wnQ=="
  "resolved" "https://npm.weizhipin.com/@antv/g-webgpu/-/g-webgpu-0.7.2.tgz"
  "version" "0.7.2"
  dependencies:
    "@antv/g-webgpu-core" "^0.7.2"
    "@antv/g-webgpu-engine" "^0.7.2"
    "gl-matrix" "^3.1.0"
    "gl-vec2" "^1.3.0"
    "lodash" "^4.17.15"

"@antv/g6-core@0.8.17":
  "integrity" "sha512-XKwZO1mQQTSQxM/1mV5t50ai0AqN4f7ofKubE454tE3lm2br6zDeZ3objq3w7gZWF4uVccsRJE2wiMW/UA1n0g=="
  "resolved" "https://npm.weizhipin.com/@antv/g6-core/-/g6-core-0.8.17.tgz"
  "version" "0.8.17"
  dependencies:
    "@antv/algorithm" "^0.1.8"
    "@antv/dom-util" "^2.0.1"
    "@antv/event-emitter" "~0.1.0"
    "@antv/g-base" "^0.5.1"
    "@antv/g-math" "^0.1.1"
    "@antv/matrix-util" "^3.1.0-beta.3"
    "@antv/path-util" "^2.0.3"
    "@antv/util" "~2.0.5"
    "ml-matrix" "^6.5.0"
    "tslib" "^2.1.0"

"@antv/g6-element@0.8.17":
  "integrity" "sha512-b9jmrr+xf+dSDOwNyvSA5i+nHvJZR7JLLJgWreZOSyHKICRR5yXt+GKYl5+k9qBaImBusbqML4W+Zr82OXCy5Q=="
  "resolved" "https://npm.weizhipin.com/@antv/g6-element/-/g6-element-0.8.17.tgz"
  "version" "0.8.17"
  dependencies:
    "@antv/g-base" "^0.5.1"
    "@antv/g6-core" "0.8.17"
    "@antv/util" "~2.0.5"

"@antv/g6-pc@0.8.18":
  "integrity" "sha512-dUxjplQm1XgziaQ5GQLU+SLW+jArHF2rCVWHS1ewt1sKtJoIOzP0xPk1gMLE7DmRR+LpnWV2Ne4aQkQqPEDoMQ=="
  "resolved" "https://npm.weizhipin.com/@antv/g6-pc/-/g6-pc-0.8.18.tgz"
  "version" "0.8.18"
  dependencies:
    "@ant-design/colors" "^4.0.5"
    "@antv/algorithm" "^0.1.8"
    "@antv/dom-util" "^2.0.1"
    "@antv/event-emitter" "~0.1.0"
    "@antv/g-base" "^0.5.1"
    "@antv/g-canvas" "^0.5.2"
    "@antv/g-math" "^0.1.1"
    "@antv/g-svg" "^0.5.1"
    "@antv/g6-core" "0.8.17"
    "@antv/g6-element" "0.8.17"
    "@antv/g6-plugin" "0.8.17"
    "@antv/hierarchy" "^0.6.10"
    "@antv/layout" "^0.3.0"
    "@antv/matrix-util" "^3.1.0-beta.3"
    "@antv/path-util" "^2.0.3"
    "@antv/util" "~2.0.5"
    "color" "^3.1.3"
    "d3-force" "^2.0.1"
    "dagre" "^0.8.5"
    "insert-css" "^2.0.0"
    "ml-matrix" "^6.5.0"

"@antv/g6-plugin@0.8.17":
  "integrity" "sha512-nAqUTG08ss+Y17AgP0R6FzF7P9Y3xhX8dYv12UyyAop0bxch5jX0l6YvC5jCDf9WDjQaXMf/YdCUqFpB8rh9Pg=="
  "resolved" "https://npm.weizhipin.com/@antv/g6-plugin/-/g6-plugin-0.8.17.tgz"
  "version" "0.8.17"
  dependencies:
    "@antv/dom-util" "^2.0.2"
    "@antv/g-base" "^0.5.1"
    "@antv/g-canvas" "^0.5.2"
    "@antv/g-svg" "^0.5.2"
    "@antv/g6-core" "0.8.17"
    "@antv/g6-element" "0.8.17"
    "@antv/matrix-util" "^3.1.0-beta.3"
    "@antv/path-util" "^2.0.3"
    "@antv/scale" "^0.3.4"
    "@antv/util" "^2.0.9"
    "insert-css" "^2.0.0"

"@antv/g6@^4.8.17":
  "integrity" "sha512-THpCDHjTyQWrFhM0xwahkpYUe+nHFtq33Ayrq0XA3nbnJw1AmJXnpPJE21rpkoluZhHKhFlXazl739Hb22e+5Q=="
  "resolved" "https://npm.weizhipin.com/@antv/g6/-/g6-4.8.17.tgz"
  "version" "4.8.17"
  dependencies:
    "@antv/g6-pc" "0.8.18"

"@antv/graphlib@^1.0.0":
  "integrity" "sha512-hhJOMThec51nU4Fe5p/viLlNIL71uDEgYFzKPajWjr2715SFG1HAgiP6AVylIeqBcAZ04u3Lw7usjl/TuI5RuQ=="
  "resolved" "https://npm.weizhipin.com/@antv/graphlib/-/graphlib-1.2.0.tgz"
  "version" "1.2.0"

"@antv/hierarchy@^0.6.10":
  "integrity" "sha512-RJVhEMCuu4vj+Dt25lXIiNdd7jaqm/fqWGYikiELha4S5tnzdJoTUaUvvpfWlxLx4B0RsS9XRwBs1bOKN71TKg=="
  "resolved" "https://npm.weizhipin.com/@antv/hierarchy/-/hierarchy-0.6.11.tgz"
  "version" "0.6.11"
  dependencies:
    "@antv/util" "^2.0.7"

"@antv/layout@^0.3.0":
  "integrity" "sha512-F/CyfQuc1WSgCVemX0jA3pE3XuDRbDJmMueY1cL8WgL6nhdzm3/jg5UPamwbBVnhLk+rzNUDYdEIyX+RJbpcMA=="
  "resolved" "https://npm.weizhipin.com/@antv/layout/-/layout-0.3.23.tgz"
  "version" "0.3.23"
  dependencies:
    "@antv/g-webgpu" "0.7.2"
    "@antv/graphlib" "^1.0.0"
    "@antv/util" "^3.3.2"
    "d3-force" "^2.1.1"
    "d3-quadtree" "^2.0.0"
    "dagre-compound" "^0.0.11"
    "ml-matrix" "^6.5.0"

"@antv/matrix-util@^3.0.4":
  "integrity" "sha1-6hPxWKovtLovuNa2tWHsRn6jrCA="
  "resolved" "https://npm.weizhipin.com/@antv/matrix-util/-/matrix-util-3.0.4.tgz"
  "version" "3.0.4"
  dependencies:
    "@antv/util" "^2.0.9"
    "gl-matrix" "^3.3.0"
    "tslib" "^2.0.3"

"@antv/matrix-util@^3.1.0-beta.1", "@antv/matrix-util@^3.1.0-beta.3":
  "integrity" "sha1-4GHej6e+BGBaFVxpzFzpCC7t3e4="
  "resolved" "https://npm.weizhipin.com/@antv/matrix-util/-/matrix-util-3.1.0-beta.3.tgz"
  "version" "3.1.0-beta.3"
  dependencies:
    "@antv/util" "^2.0.9"
    "gl-matrix" "^3.4.3"
    "tslib" "^2.0.3"

"@antv/path-util@^2.0.3", "@antv/path-util@~2.0.5":
  "integrity" "sha1-pvaR38i3vOW+fwqrtb1hSWQyVjE="
  "resolved" "https://npm.weizhipin.com/@antv/path-util/-/path-util-2.0.15.tgz"
  "version" "2.0.15"
  dependencies:
    "@antv/matrix-util" "^3.0.4"
    "@antv/util" "^2.0.9"
    "tslib" "^2.0.3"

"@antv/scale@^0.3.4":
  "integrity" "sha512-GHwE6Lo7S/Q5fgaLPaCsW+CH+3zl4aXpnN1skOiEY0Ue9/u+s2EySv6aDXYkAqs//i0uilMDD/0/4n8caX9U9w=="
  "resolved" "https://npm.weizhipin.com/@antv/scale/-/scale-0.3.18.tgz"
  "version" "0.3.18"
  dependencies:
    "@antv/util" "~2.0.3"
    "fecha" "~4.2.0"
    "tslib" "^2.0.0"

"@antv/util@^2.0.13", "@antv/util@^2.0.7", "@antv/util@^2.0.9", "@antv/util@~2.0.0", "@antv/util@~2.0.13", "@antv/util@~2.0.3", "@antv/util@~2.0.5":
  "integrity" "sha1-6O9CrKeJKBWyKSafPdEMazx1l6k="
  "resolved" "https://npm.weizhipin.com/@antv/util/-/util-2.0.17.tgz"
  "version" "2.0.17"
  dependencies:
    "csstype" "^3.0.8"
    "tslib" "^2.0.3"

"@antv/util@^3.3.2":
  "integrity" "sha512-uvyQxEOugdJs/FVlpz/+8pKxn70z8jEVydPqv+LI62cpIF7YDjVnMfNIsoMqwEoTzPUJ9TJalyLqZhT5rYez0w=="
  "resolved" "https://npm.weizhipin.com/@antv/util/-/util-3.3.2.tgz"
  "version" "3.3.2"
  dependencies:
    "fast-deep-equal" "^3.1.3"
    "gl-matrix" "^3.3.0"
    "tslib" "^2.3.1"

"@antv/x6-common@^2.0.12":
  "integrity" "sha512-7PcvHGJ2UhrBEtsLI6MaHw6BCMhy22leCH8vCaMvmF32EEQ/491v6DKVPhcpp0dYZNERpfqvAB1w407Aw+bwLA=="
  "resolved" "https://npm.weizhipin.com/@antv/x6-common/-/x6-common-2.0.12.tgz"
  "version" "2.0.12"
  dependencies:
    "lodash-es" "^4.17.15"
    "utility-types" "^3.10.0"

"@antv/x6-geometry@^2.0.5":
  "integrity" "sha512-MId6riEQkxphBpVeTcL4ZNXL4lScyvDEPLyIafvWMcWNTGK0jgkK7N20XSzqt8ltJb0mGUso5s56mrk8ysHu2A=="
  "resolved" "https://npm.weizhipin.com/@antv/x6-geometry/-/x6-geometry-2.0.5.tgz"
  "version" "2.0.5"

"@antv/x6@^2.11.1":
  "integrity" "sha512-DwyuT/zuTEhwsnKwCj67cadwLeEbB5jfdCxrkTnEm6pg0+vT3FinbF71IK7SHoY8d4HOHl+sJt7ikJfr61JqLw=="
  "resolved" "https://npm.weizhipin.com/@antv/x6/-/x6-2.11.1.tgz"
  "version" "2.11.1"
  dependencies:
    "@antv/x6-common" "^2.0.12"
    "@antv/x6-geometry" "^2.0.5"
    "utility-types" "^3.10.0"

"@babel/parser@^7.20.15", "@babel/parser@^7.21.3":
  "integrity" "sha512-DFZMC9LJUG9PLOclRC32G63UXwzqS2koQC8dkx+PLdmt1xSePYpbT/NbsrJy8Q/muXz7o/h/d4A7Fuyixm559Q=="
  "resolved" "https://npm.weizhipin.com/@babel/parser/-/parser-7.22.5.tgz"
  "version" "7.22.5"

"@babel/runtime@^7.0.0":
  "integrity" "sha512-ecjvYlnAaZ/KVneE/OdKYBYfgXV3Ptu6zQWmgEF7vwKhQnvVS6bjMD2XYgj+SNvQ1GfK/pjgokfPkC/2CO8CuA=="
  "resolved" "https://npm.weizhipin.com/@babel/runtime/-/runtime-7.22.5.tgz"
  "version" "7.22.5"
  dependencies:
    "regenerator-runtime" "^0.13.11"

"@esbuild/darwin-arm64@0.17.19":
  "integrity" "sha512-80wEoCfF/hFKM6WE1FyBHc9SfUblloAWx6FJkFWTWiCoht9Mc0ARGEM47e67W9rI09YoUxJL68WHfDRYEAvOhg=="
  "resolved" "https://npm.weizhipin.com/@esbuild/darwin-arm64/-/darwin-arm64-0.17.19.tgz"
  "version" "0.17.19"

"@jridgewell/sourcemap-codec@^1.4.13":
  "integrity" "sha512-eF2rxCRulEKXHTRiDrDy6erMYWqNw4LPdQ8UQA4huuxaQsVeRPFl2oM8oDGxMFhJUWZf9McpLtJasDDZb/Bpeg=="
  "resolved" "https://npm.weizhipin.com/@jridgewell/sourcemap-codec/-/sourcemap-codec-1.4.15.tgz"
  "version" "1.4.15"

"@probe.gl/env@3.6.0":
  "integrity" "sha512-4tTZYUg/8BICC3Yyb9rOeoKeijKbZHRXBEKObrfPmX4sQmYB15ZOUpoVBhAyJkOYVAM8EkPci6Uw5dLCwx2BEQ=="
  "resolved" "https://npm.weizhipin.com/@probe.gl/env/-/env-3.6.0.tgz"
  "version" "3.6.0"
  dependencies:
    "@babel/runtime" "^7.0.0"

"@probe.gl/log@3.6.0":
  "integrity" "sha512-hjpyenpEvOdowgZ1qMeCJxfRD4JkKdlXz0RC14m42Un62NtOT+GpWyKA4LssT0+xyLULCByRAtG2fzZorpIAcA=="
  "resolved" "https://npm.weizhipin.com/@probe.gl/log/-/log-3.6.0.tgz"
  "version" "3.6.0"
  dependencies:
    "@babel/runtime" "^7.0.0"
    "@probe.gl/env" "3.6.0"

"@probe.gl/stats@3.6.0":
  "integrity" "sha512-JdALQXB44OP4kUBN/UrQgzbJe4qokbVF4Y8lkIA8iVCFnjVowWIgkD/z/0QO65yELT54tTrtepw1jScjKB+rhQ=="
  "resolved" "https://npm.weizhipin.com/@probe.gl/stats/-/stats-3.6.0.tgz"
  "version" "3.6.0"
  dependencies:
    "@babel/runtime" "^7.0.0"

"@types/d3-timer@^2.0.0":
  "integrity" "sha1-/7ZiDSkGJPNyaqNiwMiktEyNcgA="
  "resolved" "https://npm.weizhipin.com/@types/d3-timer/-/d3-timer-2.0.1.tgz"
  "version" "2.0.1"

"@vitejs/plugin-vue@^4.1.0":
  "integrity" "sha512-R6JDUfiZbJA9cMiguQ7jxALsgiprjBeHL5ikpXfJCH62pPHtI+JdJ5xWj6Ev73yXSlYl86+blXn1kZHQ7uElxw=="
  "resolved" "https://npm.weizhipin.com/@vitejs/plugin-vue/-/plugin-vue-4.2.3.tgz"
  "version" "4.2.3"

"@volar/language-core@1.7.6":
  "integrity" "sha512-r+82YGjae8ALzaX+TaESpeBOrp/H5MQnPYZLq4WKd8rsPrCAPbMwelwHLHhFpyjy66BK/cKreJAcvOc6YEwyFA=="
  "resolved" "https://npm.weizhipin.com/@volar/language-core/-/language-core-1.7.6.tgz"
  "version" "1.7.6"
  dependencies:
    "@volar/source-map" "1.7.6"

"@volar/source-map@1.7.6":
  "integrity" "sha512-6oGrgz+hg5GCzP8D2+ay7vOdIOA9/aXwpa22Wx5b6d4ZGwwosBqv7kVs8AyMh5zOSQpKhrImE1pfagpu+V+rBQ=="
  "resolved" "https://npm.weizhipin.com/@volar/source-map/-/source-map-1.7.6.tgz"
  "version" "1.7.6"
  dependencies:
    "muggle-string" "^0.3.1"

"@volar/typescript@1.7.6":
  "integrity" "sha512-JkBRQe2GYSEgamW84tDk4XQ/7abQJw09czLQCgL1jfjndhaV4DuAet2I3pvQv41OjodVc59W0+E3hylrlNsgWA=="
  "resolved" "https://npm.weizhipin.com/@volar/typescript/-/typescript-1.7.6.tgz"
  "version" "1.7.6"
  dependencies:
    "@volar/language-core" "1.7.6"

"@vue/compiler-core@3.3.4":
  "integrity" "sha512-cquyDNvZ6jTbf/+x+AgM2Arrp6G4Dzbb0R64jiG804HRMfRiFXWI6kqUVqZ6ZR0bQhIoQjB4+2bhNtVwndW15g=="
  "resolved" "https://npm.weizhipin.com/@vue/compiler-core/-/compiler-core-3.3.4.tgz"
  "version" "3.3.4"
  dependencies:
    "@babel/parser" "^7.21.3"
    "@vue/shared" "3.3.4"
    "estree-walker" "^2.0.2"
    "source-map-js" "^1.0.2"

"@vue/compiler-dom@^3.3.0", "@vue/compiler-dom@3.3.4":
  "integrity" "sha512-wyM+OjOVpuUukIq6p5+nwHYtj9cFroz9cwkfmP9O1nzH68BenTTv0u7/ndggT8cIQlnBeOo6sUT/gvHcIkLA5w=="
  "resolved" "https://npm.weizhipin.com/@vue/compiler-dom/-/compiler-dom-3.3.4.tgz"
  "version" "3.3.4"
  dependencies:
    "@vue/compiler-core" "3.3.4"
    "@vue/shared" "3.3.4"

"@vue/compiler-sfc@3.3.4":
  "integrity" "sha512-6y/d8uw+5TkCuzBkgLS0v3lSM3hJDntFEiUORM11pQ/hKvkhSKZrXW6i69UyXlJQisJxuUEJKAWEqWbWsLeNKQ=="
  "resolved" "https://npm.weizhipin.com/@vue/compiler-sfc/-/compiler-sfc-3.3.4.tgz"
  "version" "3.3.4"
  dependencies:
    "@babel/parser" "^7.20.15"
    "@vue/compiler-core" "3.3.4"
    "@vue/compiler-dom" "3.3.4"
    "@vue/compiler-ssr" "3.3.4"
    "@vue/reactivity-transform" "3.3.4"
    "@vue/shared" "3.3.4"
    "estree-walker" "^2.0.2"
    "magic-string" "^0.30.0"
    "postcss" "^8.1.10"
    "source-map-js" "^1.0.2"

"@vue/compiler-ssr@3.3.4":
  "integrity" "sha512-m0v6oKpup2nMSehwA6Uuu+j+wEwcy7QmwMkVNVfrV9P2qE5KshC6RwOCq8fjGS/Eak/uNb8AaWekfiXxbBB6gQ=="
  "resolved" "https://npm.weizhipin.com/@vue/compiler-ssr/-/compiler-ssr-3.3.4.tgz"
  "version" "3.3.4"
  dependencies:
    "@vue/compiler-dom" "3.3.4"
    "@vue/shared" "3.3.4"

"@vue/language-core@1.8.0":
  "integrity" "sha512-rOAtqIRyyZ6OQreAkFDbbDt7L5BwvzrdbWaBAoEZjr4ImPBV9cRDBHxlMBU0SBOAZxIUQdjOvQ0uAl9uZDer0w=="
  "resolved" "https://npm.weizhipin.com/@vue/language-core/-/language-core-1.8.0.tgz"
  "version" "1.8.0"
  dependencies:
    "@volar/language-core" "1.7.6"
    "@volar/source-map" "1.7.6"
    "@vue/compiler-dom" "^3.3.0"
    "@vue/reactivity" "^3.3.0"
    "@vue/shared" "^3.3.0"
    "minimatch" "^9.0.0"
    "muggle-string" "^0.3.1"
    "vue-template-compiler" "^2.7.14"

"@vue/reactivity-transform@3.3.4":
  "integrity" "sha512-MXgwjako4nu5WFLAjpBnCj/ieqcjE2aJBINUNQzkZQfzIZA4xn+0fV1tIYBJvvva3N3OvKGofRLvQIwEQPpaXw=="
  "resolved" "https://npm.weizhipin.com/@vue/reactivity-transform/-/reactivity-transform-3.3.4.tgz"
  "version" "3.3.4"
  dependencies:
    "@babel/parser" "^7.20.15"
    "@vue/compiler-core" "3.3.4"
    "@vue/shared" "3.3.4"
    "estree-walker" "^2.0.2"
    "magic-string" "^0.30.0"

"@vue/reactivity@^3.3.0", "@vue/reactivity@3.3.4":
  "integrity" "sha512-kLTDLwd0B1jG08NBF3R5rqULtv/f8x3rOFByTDz4J53ttIQEDmALqKqXY0J+XQeN0aV2FBxY8nJDf88yvOPAqQ=="
  "resolved" "https://npm.weizhipin.com/@vue/reactivity/-/reactivity-3.3.4.tgz"
  "version" "3.3.4"
  dependencies:
    "@vue/shared" "3.3.4"

"@vue/runtime-core@3.3.4":
  "integrity" "sha512-R+bqxMN6pWO7zGI4OMlmvePOdP2c93GsHFM/siJI7O2nxFRzj55pLwkpCedEY+bTMgp5miZ8CxfIZo3S+gFqvA=="
  "resolved" "https://npm.weizhipin.com/@vue/runtime-core/-/runtime-core-3.3.4.tgz"
  "version" "3.3.4"
  dependencies:
    "@vue/reactivity" "3.3.4"
    "@vue/shared" "3.3.4"

"@vue/runtime-dom@3.3.4":
  "integrity" "sha512-Aj5bTJ3u5sFsUckRghsNjVTtxZQ1OyMWCr5dZRAPijF/0Vy4xEoRCwLyHXcj4D0UFbJ4lbx3gPTgg06K/GnPnQ=="
  "resolved" "https://npm.weizhipin.com/@vue/runtime-dom/-/runtime-dom-3.3.4.tgz"
  "version" "3.3.4"
  dependencies:
    "@vue/runtime-core" "3.3.4"
    "@vue/shared" "3.3.4"
    "csstype" "^3.1.1"

"@vue/server-renderer@3.3.4":
  "integrity" "sha512-Q6jDDzR23ViIb67v+vM1Dqntu+HUexQcsWKhhQa4ARVzxOY2HbC7QRW/ggkDBd5BU+uM1sV6XOAP0b216o34JQ=="
  "resolved" "https://npm.weizhipin.com/@vue/server-renderer/-/server-renderer-3.3.4.tgz"
  "version" "3.3.4"
  dependencies:
    "@vue/compiler-ssr" "3.3.4"
    "@vue/shared" "3.3.4"

"@vue/shared@^3.3.0", "@vue/shared@3.3.4":
  "integrity" "sha512-7OjdcV8vQ74eiz1TZLzZP4JwqM5fA94K6yntPS5Z25r9HDuGNzaGdgvwKYq6S+MxwF0TFRwe50fIR/MYnakdkQ=="
  "resolved" "https://npm.weizhipin.com/@vue/shared/-/shared-3.3.4.tgz"
  "version" "3.3.4"

"@vue/typescript@1.8.0":
  "integrity" "sha512-swi0NM+dpZCldXkMGS8wCxvoiRgA0PJw0UQeSTA7PqB2/5LsOQ8pmxyqLPE6YsbEdn0XqI9a7QgKOmmElkaMOA=="
  "resolved" "https://npm.weizhipin.com/@vue/typescript/-/typescript-1.8.0.tgz"
  "version" "1.8.0"
  dependencies:
    "@volar/typescript" "1.7.6"
    "@vue/language-core" "1.8.0"

"balanced-match@^1.0.0":
  "integrity" "sha1-6D46fj8wCzTLnYf2FfoMvzV2kO4="
  "resolved" "https://npm.weizhipin.com/balanced-match/-/balanced-match-1.0.2.tgz"
  "version" "1.0.2"

"brace-expansion@^2.0.1":
  "integrity" "sha1-HtxFng8MVISG7Pn8mfIiE2S5oK4="
  "resolved" "https://npm.weizhipin.com/brace-expansion/-/brace-expansion-2.0.1.tgz"
  "version" "2.0.1"
  dependencies:
    "balanced-match" "^1.0.0"

"color-convert@^1.9.3":
  "integrity" "sha1-u3GFBpDh8TZWfeYp0tVHHe2kweg="
  "resolved" "https://npm.weizhipin.com/color-convert/-/color-convert-1.9.3.tgz"
  "version" "1.9.3"
  dependencies:
    "color-name" "1.1.3"

"color-name@^1.0.0", "color-name@1.1.3":
  "integrity" "sha1-p9BVi9icQveV3UIyj3QIMcpTvCU="
  "resolved" "https://npm.weizhipin.com/color-name/-/color-name-1.1.3.tgz"
  "version" "1.1.3"

"color-string@^1.6.0":
  "integrity" "sha512-shrVawQFojnZv6xM40anx4CkoDP+fZsw/ZerEMsW/pyzsRbElpsL/DBVW7q3ExxwusdNXI3lXpuhEZkzs8p5Eg=="
  "resolved" "https://npm.weizhipin.com/color-string/-/color-string-1.9.1.tgz"
  "version" "1.9.1"
  dependencies:
    "color-name" "^1.0.0"
    "simple-swizzle" "^0.2.2"

"color@^3.1.3":
  "integrity" "sha1-NUTcGYyvRJDD7MmnkLVP6f9F4WQ="
  "resolved" "https://npm.weizhipin.com/color/-/color-3.2.1.tgz"
  "version" "3.2.1"
  dependencies:
    "color-convert" "^1.9.3"
    "color-string" "^1.6.0"

"csstype@^3.0.8", "csstype@^3.1.1":
  "integrity" "sha512-I7K1Uu0MBPzaFKg4nI5Q7Vs2t+3gWWW648spaF+Rg7pI9ds18Ugn+lvg4SHczUdKlHI5LWBXyqfS8+DufyBsgQ=="
  "resolved" "https://npm.weizhipin.com/csstype/-/csstype-3.1.2.tgz"
  "version" "3.1.2"

"d3-color@1 - 3":
  "integrity" "sha512-zg/chbXyeBtMQ1LbD/WSoW2DpC3I0mpmPdW+ynRTj/x2DAWYrIY7qeZIHidozwV24m4iavr15lNwIwLxRmOxhA=="
  "resolved" "https://npm.weizhipin.com/d3-color/-/d3-color-3.1.0.tgz"
  "version" "3.1.0"

"d3-dispatch@1 - 2":
  "integrity" "sha1-ihjhb3bdP8rvQhY8l7kmqptV588="
  "resolved" "https://npm.weizhipin.com/d3-dispatch/-/d3-dispatch-2.0.0.tgz"
  "version" "2.0.0"

"d3-ease@^1.0.5":
  "integrity" "sha1-moNIkO+LiujFWLL+Vb1X9Zk7heI="
  "resolved" "https://npm.weizhipin.com/d3-ease/-/d3-ease-1.0.7.tgz"
  "version" "1.0.7"

"d3-force@^2.0.1", "d3-force@^2.1.1":
  "integrity" "sha512-nAuHEzBqMvpFVMf9OX75d00OxvOXdxY+xECIXjW6Gv8BRrXu6gAWbv/9XKrvfJ5i5DCokDW7RYE50LRoK092ew=="
  "resolved" "https://npm.weizhipin.com/d3-force/-/d3-force-2.1.1.tgz"
  "version" "2.1.1"
  dependencies:
    "d3-dispatch" "1 - 2"
    "d3-quadtree" "1 - 2"
    "d3-timer" "1 - 2"

"d3-interpolate@^3.0.1":
  "integrity" "sha1-PEeqWzLFs9+1bvP9Q0IHimMrQA0="
  "resolved" "https://npm.weizhipin.com/d3-interpolate/-/d3-interpolate-3.0.1.tgz"
  "version" "3.0.1"
  dependencies:
    "d3-color" "1 - 3"

"d3-quadtree@^2.0.0", "d3-quadtree@1 - 2":
  "integrity" "sha512-b0Ed2t1UUalJpc3qXzKi+cPGxeXRr4KU9YSlocN74aTzp6R/Ud43t79yLLqxHRWZfsvWXmbDWPpoENK1K539xw=="
  "resolved" "https://npm.weizhipin.com/d3-quadtree/-/d3-quadtree-2.0.0.tgz"
  "version" "2.0.0"

"d3-timer@^1.0.9", "d3-timer@1 - 2":
  "integrity" "sha1-3+dripF0iDGxO22ceT/71QjdneU="
  "resolved" "https://npm.weizhipin.com/d3-timer/-/d3-timer-1.0.10.tgz"
  "version" "1.0.10"

"dagre-compound@^0.0.11":
  "integrity" "sha512-UrSgRP9LtOZCYb9e5doolZXpc7xayyszgyOs7uakTK4n4KsLegLVTRRtq01GpQd/iZjYw5fWMapx9ed+c80MAQ=="
  "resolved" "https://npm.weizhipin.com/dagre-compound/-/dagre-compound-0.0.11.tgz"
  "version" "0.0.11"

"dagre@^0.8.5":
  "integrity" "sha1-ujCwBV2sErbB/MJHgXRCd30Gr+4="
  "resolved" "https://npm.weizhipin.com/dagre/-/dagre-0.8.5.tgz"
  "version" "0.8.5"
  dependencies:
    "graphlib" "^2.1.8"
    "lodash" "^4.17.15"

"de-indent@^1.0.2":
  "integrity" "sha1-sgOOhG3DO6pXlhKNCAS0VbjB4h0="
  "resolved" "https://npm.weizhipin.com/de-indent/-/de-indent-1.0.2.tgz"
  "version" "1.0.2"

"detect-browser@^5.0.0", "detect-browser@^5.1.0":
  "integrity" "sha512-53rsFbGdwMwlF7qvCt0ypLM5V5/Mbl0szB7GPN8y9NCcbknYOeVVXdrXEq+90IwAfrrzt6Hd+u2E2ntakICU8w=="
  "resolved" "https://npm.weizhipin.com/detect-browser/-/detect-browser-5.3.0.tgz"
  "version" "5.3.0"

"esbuild@^0.17.5":
  "integrity" "sha512-XQ0jAPFkK/u3LcVRcvVHQcTIqD6E2H1fvZMA5dQPSOWb3suUbWbfbRf94pjc0bNzRYLfIrDRQXr7X+LHIm5oHw=="
  "resolved" "https://npm.weizhipin.com/esbuild/-/esbuild-0.17.19.tgz"
  "version" "0.17.19"
  optionalDependencies:
    "@esbuild/android-arm" "0.17.19"
    "@esbuild/android-arm64" "0.17.19"
    "@esbuild/android-x64" "0.17.19"
    "@esbuild/darwin-arm64" "0.17.19"
    "@esbuild/darwin-x64" "0.17.19"
    "@esbuild/freebsd-arm64" "0.17.19"
    "@esbuild/freebsd-x64" "0.17.19"
    "@esbuild/linux-arm" "0.17.19"
    "@esbuild/linux-arm64" "0.17.19"
    "@esbuild/linux-ia32" "0.17.19"
    "@esbuild/linux-loong64" "0.17.19"
    "@esbuild/linux-mips64el" "0.17.19"
    "@esbuild/linux-ppc64" "0.17.19"
    "@esbuild/linux-riscv64" "0.17.19"
    "@esbuild/linux-s390x" "0.17.19"
    "@esbuild/linux-x64" "0.17.19"
    "@esbuild/netbsd-x64" "0.17.19"
    "@esbuild/openbsd-x64" "0.17.19"
    "@esbuild/sunos-x64" "0.17.19"
    "@esbuild/win32-arm64" "0.17.19"
    "@esbuild/win32-ia32" "0.17.19"
    "@esbuild/win32-x64" "0.17.19"

"estree-walker@^2.0.2":
  "integrity" "sha1-UvAQF4wqTBF6d1fP6UKtt9LaTKw="
  "resolved" "https://npm.weizhipin.com/estree-walker/-/estree-walker-2.0.2.tgz"
  "version" "2.0.2"

"eventemitter3@^4.0.0":
  "integrity" "sha1-Lem2j2Uo1WRO9cWVJqG0oHMGFp8="
  "resolved" "https://npm.weizhipin.com/eventemitter3/-/eventemitter3-4.0.7.tgz"
  "version" "4.0.7"

"fast-deep-equal@^3.1.3":
  "integrity" "sha1-On1WtVnWy8PrUSMlJE5hmmXGxSU="
  "resolved" "https://npm.weizhipin.com/fast-deep-equal/-/fast-deep-equal-3.1.3.tgz"
  "version" "3.1.3"

"fecha@~4.2.0":
  "integrity" "sha512-OP2IUU6HeYKJi3i0z4A19kHMQoLVs4Hc+DPqqxI2h/DPZHTm/vjsfC6P0b4jCMy14XizLBqvndQ+UilD7707Jw=="
  "resolved" "https://npm.weizhipin.com/fecha/-/fecha-4.2.3.tgz"
  "version" "4.2.3"

"fsevents@~2.3.2":
  "integrity" "sha1-ilJveLj99GI7cJ4Ll1xSwkwC/Ro="
  "resolved" "https://npm.weizhipin.com/fsevents/-/fsevents-2.3.2.tgz"
  "version" "2.3.2"

"gl-matrix@^3.0.0", "gl-matrix@^3.1.0", "gl-matrix@^3.3.0", "gl-matrix@^3.4.3":
  "integrity" "sha1-/BGR6DIACf1NIOkzlZXGBB3cIsk="
  "resolved" "https://npm.weizhipin.com/gl-matrix/-/gl-matrix-3.4.3.tgz"
  "version" "3.4.3"

"gl-vec2@^1.3.0":
  "integrity" "sha1-g9Ry7UYDTejgnLyFcSP7bIHFEZk="
  "resolved" "https://npm.weizhipin.com/gl-vec2/-/gl-vec2-1.3.0.tgz"
  "version" "1.3.0"

"graphlib@^2.1.8":
  "integrity" "sha1-V2HUFHN4cAhMkux7XbywWSydNdo="
  "resolved" "https://npm.weizhipin.com/graphlib/-/graphlib-2.1.8.tgz"
  "version" "2.1.8"
  dependencies:
    "lodash" "^4.17.15"

"he@^1.2.0":
  "integrity" "sha1-hK5l+n6vsWX922FWauFLrwVmTw8="
  "resolved" "https://npm.weizhipin.com/he/-/he-1.2.0.tgz"
  "version" "1.2.0"

"insert-css@^2.0.0":
  "integrity" "sha1-610Ql7dUL0x56jBg067gfQU4gPQ="
  "resolved" "https://npm.weizhipin.com/insert-css/-/insert-css-2.0.0.tgz"
  "version" "2.0.0"

"is-any-array@^2.0.0":
  "integrity" "sha512-UtilS7hLRu++wb/WBAw9bNuP1Eg04Ivn1vERJck8zJthEvXCBEBpGR/33u/xLKWEQf95803oalHrVDptcAvFdQ=="
  "resolved" "https://npm.weizhipin.com/is-any-array/-/is-any-array-2.0.1.tgz"
  "version" "2.0.1"

"is-arrayish@^0.3.1":
  "integrity" "sha1-RXSirlb3qyBolvtDHq7tBm/fjwM="
  "resolved" "https://npm.weizhipin.com/is-arrayish/-/is-arrayish-0.3.2.tgz"
  "version" "0.3.2"

"lodash-es@^4.17.15":
  "integrity" "sha1-Q+YmxG5lkbd1C+srUBFzkMYJ4+4="
  "resolved" "https://npm.weizhipin.com/lodash-es/-/lodash-es-4.17.21.tgz"
  "version" "4.17.21"

"lodash@^4.17.15":
  "integrity" "sha1-Z5WRxWTDv/quhFTPCz3zcMPWkRw="
  "resolved" "https://npm.weizhipin.com/lodash/-/lodash-4.17.21.tgz"
  "version" "4.17.21"

"lru-cache@^6.0.0":
  "integrity" "sha1-bW/mVw69lqr5D8rR2vo7JWbbOpQ="
  "resolved" "https://npm.weizhipin.com/lru-cache/-/lru-cache-6.0.0.tgz"
  "version" "6.0.0"
  dependencies:
    "yallist" "^4.0.0"

"magic-string@^0.30.0":
  "integrity" "sha512-LA+31JYDJLs82r2ScLrlz1GjSgu66ZV518eyWT+S8VhyQn/JL0u9MeBOvQMGYiPk1DBiSN9DDMOcXvigJZaViQ=="
  "resolved" "https://npm.weizhipin.com/magic-string/-/magic-string-0.30.0.tgz"
  "version" "0.30.0"
  dependencies:
    "@jridgewell/sourcemap-codec" "^1.4.13"

"minimatch@^9.0.0":
  "integrity" "sha512-0jWhJpD/MdhPXwPuiRkCbfYfSKp2qnn2eOc279qI7f+osl/l+prKSrvhg157zSYvx/1nmgn2NqdT6k2Z7zSH9w=="
  "resolved" "https://npm.weizhipin.com/minimatch/-/minimatch-9.0.1.tgz"
  "version" "9.0.1"
  dependencies:
    "brace-expansion" "^2.0.1"

"ml-array-max@^1.2.4":
  "integrity" "sha512-BlEeg80jI0tW6WaPyGxf5Sa4sqvcyY6lbSn5Vcv44lp1I2GR6AWojfUvLnGTNsIXrZ8uqWmo8VcG1WpkI2ONMQ=="
  "resolved" "https://npm.weizhipin.com/ml-array-max/-/ml-array-max-1.2.4.tgz"
  "version" "1.2.4"
  dependencies:
    "is-any-array" "^2.0.0"

"ml-array-min@^1.2.3":
  "integrity" "sha512-VcZ5f3VZ1iihtrGvgfh/q0XlMobG6GQ8FsNyQXD3T+IlstDv85g8kfV0xUG1QPRO/t21aukaJowDzMTc7j5V6Q=="
  "resolved" "https://npm.weizhipin.com/ml-array-min/-/ml-array-min-1.2.3.tgz"
  "version" "1.2.3"
  dependencies:
    "is-any-array" "^2.0.0"

"ml-array-rescale@^1.3.7":
  "integrity" "sha512-48NGChTouvEo9KBctDfHC3udWnQKNKEWN0ziELvY3KG25GR5cA8K8wNVzracsqSW1QEkAXjTNx+ycgAv06/1mQ=="
  "resolved" "https://npm.weizhipin.com/ml-array-rescale/-/ml-array-rescale-1.3.7.tgz"
  "version" "1.3.7"
  dependencies:
    "is-any-array" "^2.0.0"
    "ml-array-max" "^1.2.4"
    "ml-array-min" "^1.2.3"

"ml-matrix@^6.5.0":
  "integrity" "sha512-rUyEhfNPzqFsltYwvjNeYQXlYEaVea3KgzcJKJteQUj2WVAGFx9fLNRjtMR9mg2B6bd5buxlmkZmxM4hmO+SKg=="
  "resolved" "https://npm.weizhipin.com/ml-matrix/-/ml-matrix-6.10.4.tgz"
  "version" "6.10.4"
  dependencies:
    "is-any-array" "^2.0.0"
    "ml-array-rescale" "^1.3.7"

"muggle-string@^0.3.1":
  "integrity" "sha512-ckmWDJjphvd/FvZawgygcUeQCxzvohjFO5RxTjj4eq8kw359gFF3E1brjfI+viLMxss5JrHTDRHZvu2/tuy0Qg=="
  "resolved" "https://npm.weizhipin.com/muggle-string/-/muggle-string-0.3.1.tgz"
  "version" "0.3.1"

"nanoid@^3.3.6":
  "integrity" "sha512-BGcqMMJuToF7i1rt+2PWSNVnWIkGCU78jBG3RxO/bZlnZPK2Cmi2QaffxGO/2RvWi9sL+FAiRiXMgsyxQ1DIDA=="
  "resolved" "https://npm.weizhipin.com/nanoid/-/nanoid-3.3.6.tgz"
  "version" "3.3.6"

"picocolors@^1.0.0":
  "integrity" "sha1-y1vcdP8/UYkiNur3nWi8RFZKuBw="
  "resolved" "https://npm.weizhipin.com/picocolors/-/picocolors-1.0.0.tgz"
  "version" "1.0.0"

"postcss@^8.1.10", "postcss@^8.4.23":
  "integrity" "sha512-M0RzbcI0sO/XJNucsGjvWU9ERWxb/ytp1w6dKtxTKgixdtQDq4rmx/g8W1hnaheq9jgwL/oyEdH5Bc4WwJKMqg=="
  "resolved" "https://npm.weizhipin.com/postcss/-/postcss-8.4.24.tgz"
  "version" "8.4.24"
  dependencies:
    "nanoid" "^3.3.6"
    "picocolors" "^1.0.0"
    "source-map-js" "^1.0.2"

"probe.gl@^3.1.1":
  "integrity" "sha512-19JydJWI7+DtR4feV+pu4Mn1I5TAc0xojuxVgZdXIyfmTLfUaFnk4OloWK1bKbPtkgGKLr2lnbnCXmpZEcEp9g=="
  "resolved" "https://npm.weizhipin.com/probe.gl/-/probe.gl-3.6.0.tgz"
  "version" "3.6.0"
  dependencies:
    "@babel/runtime" "^7.0.0"
    "@probe.gl/env" "3.6.0"
    "@probe.gl/log" "3.6.0"
    "@probe.gl/stats" "3.6.0"

"regenerator-runtime@^0.13.11":
  "integrity" "sha512-kY1AZVr2Ra+t+piVaJ4gxaFaReZVH40AKNo7UCX6W+dEwBo/2oZJzqfuN1qLq1oL45o56cPaTXELwrTh8Fpggg=="
  "resolved" "https://npm.weizhipin.com/regenerator-runtime/-/regenerator-runtime-0.13.11.tgz"
  "version" "0.13.11"

"regl@^1.3.11":
  "integrity" "sha1-DRhUMQRKNWv4Dpt3WxG5Ne8nRtM="
  "resolved" "https://npm.weizhipin.com/regl/-/regl-1.7.0.tgz"
  "version" "1.7.0"

"rollup@^3.21.0":
  "integrity" "sha512-tywOR+rwIt5m2ZAWSe5AIJcTat8vGlnPFAv15ycCrw33t6iFsXZ6mzHVFh2psSjxQPmI+xgzMZZizUAukBI4aQ=="
  "resolved" "https://npm.weizhipin.com/rollup/-/rollup-3.25.1.tgz"
  "version" "3.25.1"
  optionalDependencies:
    "fsevents" "~2.3.2"

"semver@^7.3.8":
  "integrity" "sha512-SoftuTROv/cRjCze/scjGyiDtcUyxw1rgYQSZY7XTmtR5hX+dm76iDbTH8TkLPHCQmlbQVSSbNZCPM2hb0knnQ=="
  "resolved" "https://npm.weizhipin.com/semver/-/semver-7.5.2.tgz"
  "version" "7.5.2"
  dependencies:
    "lru-cache" "^6.0.0"

"simple-swizzle@^0.2.2":
  "integrity" "sha1-pNprY1/8zMoz9w0Xy5JZLeleVXo="
  "resolved" "https://npm.weizhipin.com/simple-swizzle/-/simple-swizzle-0.2.2.tgz"
  "version" "0.2.2"
  dependencies:
    "is-arrayish" "^0.3.1"

"source-map-js@^1.0.2":
  "integrity" "sha512-R0XvVJ9WusLiqTCEiGCmICCMplcCkIwwR11mOSD9CR5u+IXYdiseeEuXCVAjS54zqwkLcPNnmU4OeJ6tUrWhDw=="
  "resolved" "https://npm.weizhipin.com/source-map-js/-/source-map-js-1.0.2.tgz"
  "version" "1.0.2"

"tinycolor2@^1.4.1":
  "integrity" "sha512-XPaBkWQJdsf3pLKJV9p4qN/S+fm2Oj8AIPo1BTUhg5oxkvm9+SVEGFdhyOz7tTdUTfvxMiAs4sp6/eZO2Ew+pw=="
  "resolved" "https://npm.weizhipin.com/tinycolor2/-/tinycolor2-1.6.0.tgz"
  "version" "1.6.0"

"tslib@^2.0.0", "tslib@^2.0.3", "tslib@^2.1.0", "tslib@^2.3.1":
  "integrity" "sha512-mSxlJJwl3BMEQCUNnxXBU9jP4JBktcEGhURcPR6VQVlnP0FdDEsIaz0C35dXNGLyRfrATNofF0F5p2KPxQgB+w=="
  "resolved" "https://npm.weizhipin.com/tslib/-/tslib-2.5.3.tgz"
  "version" "2.5.3"

"typescript@*", "typescript@^5.0.2":
  "integrity" "sha512-XH627E9vkeqhlZFQuL+UsyAXEnibT0kWR2FWONlr4sTjvxyJYnyefgrkyECLzM5NenmKzRAy2rR/OlYLA1HkZw=="
  "resolved" "https://npm.weizhipin.com/typescript/-/typescript-5.1.3.tgz"
  "version" "5.1.3"

"utility-types@^3.10.0":
  "integrity" "sha1-6kFI+adBAV8F7XT9YV4dIOa+2Cs="
  "resolved" "https://npm.weizhipin.com/utility-types/-/utility-types-3.10.0.tgz"
  "version" "3.10.0"

"vite@^4.0.0", "vite@^4.3.9":
  "integrity" "sha512-qsTNZjO9NoJNW7KnOrgYwczm0WctJ8m/yqYAMAK9Lxt4SoySUfS5S8ia9K7JHpa3KEeMfyF8LoJ3c5NeBJy6pg=="
  "resolved" "https://npm.weizhipin.com/vite/-/vite-4.3.9.tgz"
  "version" "4.3.9"
  dependencies:
    "esbuild" "^0.17.5"
    "postcss" "^8.4.23"
    "rollup" "^3.21.0"
  optionalDependencies:
    "fsevents" "~2.3.2"

"vscode-uri@^3.0.7":
  "integrity" "sha512-eOpPHogvorZRobNqJGhapa0JdwaxpjVvyBp0QIUMRMSf8ZAlqOdEquKuRmw9Qwu0qXtJIWqFtMkmvJjUZmMjVA=="
  "resolved" "https://npm.weizhipin.com/vscode-uri/-/vscode-uri-3.0.7.tgz"
  "version" "3.0.7"

"vue-template-compiler@^2.7.14":
  "integrity" "sha512-zyA5Y3ArvVG0NacJDkkzJuPQDF8RFeRlzV2vLeSnhSpieO6LK2OVbdLPi5MPPs09Ii+gMO8nY4S3iKQxBxDmWQ=="
  "resolved" "https://npm.weizhipin.com/vue-template-compiler/-/vue-template-compiler-2.7.14.tgz"
  "version" "2.7.14"
  dependencies:
    "de-indent" "^1.0.2"
    "he" "^1.2.0"

"vue-tsc@^1.4.2":
  "integrity" "sha512-zRjRghohec71o+o3dzzqwFLtbKmJ1K1xRnq9ToHRdnHbBSZA2eUaTT1o+y4xOkBLZtW4cv7FkZE0FGCZfMrcBw=="
  "resolved" "https://npm.weizhipin.com/vue-tsc/-/vue-tsc-1.8.0.tgz"
  "version" "1.8.0"
  dependencies:
    "@vue/language-core" "1.8.0"
    "@vue/typescript" "1.8.0"
    "semver" "^7.3.8"
    "vscode-uri" "^3.0.7"

"vue@^3.2.25", "vue@^3.2.47", "vue@3.3.4":
  "integrity" "sha512-VTyEYn3yvIeY1Py0WaYGZsXnz3y5UnGi62GjVEqvEGPl6nxbOrCXbVOTQWBEJUqAyTUk2uJ5JLVnYJ6ZzGbrSw=="
  "resolved" "https://npm.weizhipin.com/vue/-/vue-3.3.4.tgz"
  "version" "3.3.4"
  dependencies:
    "@vue/compiler-dom" "3.3.4"
    "@vue/compiler-sfc" "3.3.4"
    "@vue/runtime-dom" "3.3.4"
    "@vue/server-renderer" "3.3.4"
    "@vue/shared" "3.3.4"

"yallist@^4.0.0":
  "integrity" "sha1-m7knkNnA7/7GO+c1GeEaNQGaOnI="
  "resolved" "https://npm.weizhipin.com/yallist/-/yallist-4.0.0.tgz"
  "version" "4.0.0"
